
Microsoft Visual Studio Solution File, Format Version 12.00
# Visual Studio 15
Project("{FAE04EC0-301F-11D3-BF4B-00C04F79EFBC}") = "Unity.Timeline", "Unity.Timeline.csproj", "{675BEB9B-1DDF-F53B-805A-2420DCDD8A23}"
EndProject
Project("{FAE04EC0-301F-11D3-BF4B-00C04F79EFBC}") = "Unity.Timeline.Editor", "Unity.Timeline.Editor.csproj", "{42CA32C4-C821-097E-2C2F-0FE869067A22}"
EndProject
Project("{FAE04EC0-301F-11D3-BF4B-00C04F79EFBC}") = "Unity.2D.Tilemap.Editor", "Unity.2D.Tilemap.Editor.csproj", "{151A7732-F234-B5EB-878D-AD1F70BE9A82}"
EndProject
Project("{FAE04EC0-301F-11D3-BF4B-00C04F79EFBC}") = "Unity.TextMeshPro.Editor", "Unity.TextMeshPro.Editor.csproj", "{BCFB9EAB-2845-E524-D40F-7FAD040FF0FD}"
EndProject
Project("{FAE04EC0-301F-11D3-BF4B-00C04F79EFBC}") = "Unity.2D.Aseprite.Editor", "Unity.2D.Aseprite.Editor.csproj", "{09C3E3BA-4048-CFE4-6874-FB4D68F3D9E0}"
EndProject
Project("{FAE04EC0-301F-11D3-BF4B-00C04F79EFBC}") = "Unity.VisualScripting.Flow", "Unity.VisualScripting.Flow.csproj", "{3B749734-B80F-4008-B1D7-C359A6F965AA}"
EndProject
Project("{FAE04EC0-301F-11D3-BF4B-00C04F79EFBC}") = "UnityEditor.UI", "UnityEditor.UI.csproj", "{6B7CFE24-CB64-1E80-0FBA-0A41407E50A6}"
EndProject
Project("{FAE04EC0-301F-11D3-BF4B-00C04F79EFBC}") = "Unity.PlasticSCM.Editor", "Unity.PlasticSCM.Editor.csproj", "{68FE46B4-E849-B122-181C-2D03F26A4ABF}"
EndProject
Project("{FAE04EC0-301F-11D3-BF4B-00C04F79EFBC}") = "Unity.2D.Psdimporter.Editor", "Unity.2D.Psdimporter.Editor.csproj", "{76184014-0FCF-DF74-28A0-E47CA74CAB2E}"
EndProject
Project("{FAE04EC0-301F-11D3-BF4B-00C04F79EFBC}") = "Unity.VisualScripting.Core", "Unity.VisualScripting.Core.csproj", "{C2422D4B-2734-84DF-55B6-D59D9C98DE5B}"
EndProject
Project("{FAE04EC0-301F-11D3-BF4B-00C04F79EFBC}") = "Unity.Mathematics", "Unity.Mathematics.csproj", "{2D4E4AF7-AB2B-4A76-8B0C-F236A5B94DCA}"
EndProject
Project("{FAE04EC0-301F-11D3-BF4B-00C04F79EFBC}") = "Unity.2D.Animation.Editor", "Unity.2D.Animation.Editor.csproj", "{3818CC6D-D7D2-E496-3C62-88D342CBAEA3}"
EndProject
Project("{FAE04EC0-301F-11D3-BF4B-00C04F79EFBC}") = "Assembly-CSharp", "Assembly-CSharp.csproj", "{66DC2AE3-FBC9-6409-F23B-6E023B74B136}"
EndProject
Project("{FAE04EC0-301F-11D3-BF4B-00C04F79EFBC}") = "Unity.2D.Common.Path.Editor", "Unity.2D.Common.Path.Editor.csproj", "{E384741D-E7AB-5B4B-9065-DE09431EC0C9}"
EndProject
Project("{FAE04EC0-301F-11D3-BF4B-00C04F79EFBC}") = "Unity.VisualScripting.Core.Editor", "Unity.VisualScripting.Core.Editor.csproj", "{86314475-FA7A-A99F-EDED-1389EAA220B9}"
EndProject
Project("{FAE04EC0-301F-11D3-BF4B-00C04F79EFBC}") = "Unity.2D.IK.Runtime", "Unity.2D.IK.Runtime.csproj", "{BBB0163F-3DB2-1D00-9F3C-99920F3F78A1}"
EndProject
Project("{FAE04EC0-301F-11D3-BF4B-00C04F79EFBC}") = "Unity.VisualScripting.Flow.Editor", "Unity.VisualScripting.Flow.Editor.csproj", "{48A8EB42-1937-B0E6-6D0D-A61B2524F716}"
EndProject
Project("{FAE04EC0-301F-11D3-BF4B-00C04F79EFBC}") = "UnityEditor.TestRunner", "UnityEditor.TestRunner.csproj", "{898EB58C-D0E1-C925-DACF-2A1830FA4DF7}"
EndProject
Project("{FAE04EC0-301F-11D3-BF4B-00C04F79EFBC}") = "Unity.VisualScripting.SettingsProvider.Editor", "Unity.VisualScripting.SettingsProvider.Editor.csproj", "{28E74408-1160-FEF1-40A7-211E5F6C77E0}"
EndProject
Project("{FAE04EC0-301F-11D3-BF4B-00C04F79EFBC}") = "UnityEngine.TestRunner", "UnityEngine.TestRunner.csproj", "{2EABE0C5-28ED-20B8-7E5B-226615C42BCF}"
EndProject
Project("{FAE04EC0-301F-11D3-BF4B-00C04F79EFBC}") = "PsdPlugin", "PsdPlugin.csproj", "{40BE0C56-83E8-9659-A31A-7603622DA804}"
EndProject
Project("{FAE04EC0-301F-11D3-BF4B-00C04F79EFBC}") = "Unity.Burst", "Unity.Burst.csproj", "{A4545F48-26CB-1CAC-725F-11BF3DE0D001}"
EndProject
Project("{FAE04EC0-301F-11D3-BF4B-00C04F79EFBC}") = "UnityEngine.UI", "UnityEngine.UI.csproj", "{1D105CC3-596E-8FAC-C80B-15B05FD8D687}"
EndProject
Project("{FAE04EC0-301F-11D3-BF4B-00C04F79EFBC}") = "Unity.2D.SpriteShape.Editor", "Unity.2D.SpriteShape.Editor.csproj", "{EB9E3454-CD74-731A-7D7B-2D3A0CE007E2}"
EndProject
Project("{FAE04EC0-301F-11D3-BF4B-00C04F79EFBC}") = "Unity.Collections", "Unity.Collections.csproj", "{3C12F2B1-F60C-EB43-C8FA-BC41492B16D8}"
EndProject
Project("{FAE04EC0-301F-11D3-BF4B-00C04F79EFBC}") = "Unity.VisualStudio.Editor", "Unity.VisualStudio.Editor.csproj", "{43862E35-54ED-152C-BBC2-9593A3760C88}"
EndProject
Project("{FAE04EC0-301F-11D3-BF4B-00C04F79EFBC}") = "Unity.2D.Tilemap.Extras.Editor", "Unity.2D.Tilemap.Extras.Editor.csproj", "{DD21E922-2713-BD57-6B80-3C3C38B2D932}"
EndProject
Project("{FAE04EC0-301F-11D3-BF4B-00C04F79EFBC}") = "Unity.Rider.Editor", "Unity.Rider.Editor.csproj", "{C1B732C2-8B46-8C36-F025-F2CEFB9135CF}"
EndProject
Project("{FAE04EC0-301F-11D3-BF4B-00C04F79EFBC}") = "Unity.InternalAPIEditorBridge.001", "Unity.InternalAPIEditorBridge.001.csproj", "{E9FFE786-061A-6CCA-5736-CC592DABFE99}"
EndProject
Project("{FAE04EC0-301F-11D3-BF4B-00C04F79EFBC}") = "Unity.2D.SpriteShape.Runtime", "Unity.2D.SpriteShape.Runtime.csproj", "{D1448C2D-2103-1ED2-5A61-097224BA2254}"
EndProject
Project("{FAE04EC0-301F-11D3-BF4B-00C04F79EFBC}") = "Unity.VisualScripting.State.Editor", "Unity.VisualScripting.State.Editor.csproj", "{4710FF14-5169-E164-771B-31F9712A47D9}"
EndProject
Project("{FAE04EC0-301F-11D3-BF4B-00C04F79EFBC}") = "Unity.2D.Animation.Runtime", "Unity.2D.Animation.Runtime.csproj", "{4FE4AB1B-EA13-32FC-90B7-7228FECFAA23}"
EndProject
Project("{FAE04EC0-301F-11D3-BF4B-00C04F79EFBC}") = "Unity.Burst.CodeGen", "Unity.Burst.CodeGen.csproj", "{81FAD4C1-6A22-D30F-B168-7ABD53574749}"
EndProject
Project("{FAE04EC0-301F-11D3-BF4B-00C04F79EFBC}") = "Unity.2D.Tilemap.Extras", "Unity.2D.Tilemap.Extras.csproj", "{54F3A193-B9D6-5F56-CFB1-B0336C1AF6FC}"
EndProject
Project("{FAE04EC0-301F-11D3-BF4B-00C04F79EFBC}") = "Unity.VisualScripting.State", "Unity.VisualScripting.State.csproj", "{6018191B-5426-6064-A5D5-8DABCAE291E4}"
EndProject
Project("{FAE04EC0-301F-11D3-BF4B-00C04F79EFBC}") = "Unity.TextMeshPro", "Unity.TextMeshPro.csproj", "{D4F4BFCC-193A-4E9E-9CD7-E03466000E56}"
EndProject
Project("{FAE04EC0-301F-11D3-BF4B-00C04F79EFBC}") = "Unity.2D.Aseprite.Common", "Unity.2D.Aseprite.Common.csproj", "{275CB3DF-1D5C-6060-61B9-6169F4933EE9}"
EndProject
Project("{FAE04EC0-301F-11D3-BF4B-00C04F79EFBC}") = "Unity.2D.IK.Editor", "Unity.2D.IK.Editor.csproj", "{B7FCF2A5-46B5-2925-60FC-611AB08BFB3A}"
EndProject
Project("{FAE04EC0-301F-11D3-BF4B-00C04F79EFBC}") = "Unity.InternalAPIEngineBridge.001", "Unity.InternalAPIEngineBridge.001.csproj", "{1CBBEE21-CFB0-D9CD-69F7-E67D01D0CB50}"
EndProject
Project("{FAE04EC0-301F-11D3-BF4B-00C04F79EFBC}") = "Unity.Burst.Editor", "Unity.Burst.Editor.csproj", "{A45200C9-C40A-8F3E-7F28-BE6385E76FEA}"
EndProject
Project("{FAE04EC0-301F-11D3-BF4B-00C04F79EFBC}") = "Unity.2D.Common.Editor", "Unity.2D.Common.Editor.csproj", "{4D9CD172-4377-555A-EEA0-D8D9E75AF5B9}"
EndProject
Project("{FAE04EC0-301F-11D3-BF4B-00C04F79EFBC}") = "Unity.2D.Sprite.Editor", "Unity.2D.Sprite.Editor.csproj", "{772EB90D-77B2-586A-5B8B-1D44C3092D4C}"
EndProject
Project("{FAE04EC0-301F-11D3-BF4B-00C04F79EFBC}") = "Unity.2D.PixelPerfect", "Unity.2D.PixelPerfect.csproj", "{9906A6BD-BC09-670D-194A-DC9DDB52193B}"
EndProject
Project("{FAE04EC0-301F-11D3-BF4B-00C04F79EFBC}") = "Unity.2D.PixelPerfect.Editor", "Unity.2D.PixelPerfect.Editor.csproj", "{B02678D7-998D-06CC-366F-4194A19B4935}"
EndProject
Project("{FAE04EC0-301F-11D3-BF4B-00C04F79EFBC}") = "Unity.2D.Common.Runtime", "Unity.2D.Common.Runtime.csproj", "{39EA4A8F-4058-5A4B-3AEF-D8535F4528F1}"
EndProject
Project("{FAE04EC0-301F-11D3-BF4B-00C04F79EFBC}") = "Unity.Mathematics.Editor", "Unity.Mathematics.Editor.csproj", "{2B366BB1-A8C4-36E3-0369-A691BC40D708}"
EndProject
Project("{FAE04EC0-301F-11D3-BF4B-00C04F79EFBC}") = "Unity.Collections.BurstCompatibilityGen", "Unity.Collections.BurstCompatibilityGen.csproj", "{D8B78ADF-2C10-491A-B47C-55D7679B2A0B}"
EndProject
Project("{FAE04EC0-301F-11D3-BF4B-00C04F79EFBC}") = "Unity.InternalAPIEditorBridge.005", "Unity.InternalAPIEditorBridge.005.csproj", "{0C9E3B23-E172-F70D-69FC-CF93B79843C9}"
EndProject
Project("{FAE04EC0-301F-11D3-BF4B-00C04F79EFBC}") = "Unity.VisualScripting.Shared.Editor", "Unity.VisualScripting.Shared.Editor.csproj", "{3EAB0995-8443-5B8A-697A-462FFC4A0DDF}"
EndProject
Project("{FAE04EC0-301F-11D3-BF4B-00C04F79EFBC}") = "Unity.Collections.DocCodeSamples", "Unity.Collections.DocCodeSamples.csproj", "{43F3869A-3CC3-1C22-E4D1-53894C738EAC}"
EndProject
Project("{FAE04EC0-301F-11D3-BF4B-00C04F79EFBC}") = "Unity.CollabProxy.Editor", "Unity.CollabProxy.Editor.csproj", "{EE085FA0-E92C-8263-0223-54A4ACCB71B7}"
EndProject
Project("{FAE04EC0-301F-11D3-BF4B-00C04F79EFBC}") = "Unity.Timeline", "Unity.Timeline.Player.csproj", "{1E8EABFD-406E-5608-3FD7-DF26678B491D}"
EndProject
Project("{FAE04EC0-301F-11D3-BF4B-00C04F79EFBC}") = "Unity.VisualScripting.Flow", "Unity.VisualScripting.Flow.Player.csproj", "{65BBD869-8841-B90E-2E48-4FAFBA420AB8}"
EndProject
Project("{FAE04EC0-301F-11D3-BF4B-00C04F79EFBC}") = "Unity.VisualScripting.Core", "Unity.VisualScripting.Core.Player.csproj", "{31E8175A-F6C1-E051-1F60-7B192C59A6A2}"
EndProject
Project("{FAE04EC0-301F-11D3-BF4B-00C04F79EFBC}") = "Unity.Mathematics", "Unity.Mathematics.Player.csproj", "{4CC58761-EA4F-6351-E9DE-9142B7E1CE29}"
EndProject
Project("{FAE04EC0-301F-11D3-BF4B-00C04F79EFBC}") = "Assembly-CSharp", "Assembly-CSharp.Player.csproj", "{84E36960-2715-78DE-660A-5CD517A7D8CA}"
EndProject
Project("{FAE04EC0-301F-11D3-BF4B-00C04F79EFBC}") = "Unity.2D.IK.Runtime", "Unity.2D.IK.Runtime.Player.csproj", "{DA041A05-20EB-0F7E-D091-71EDBE13BF2A}"
EndProject
Project("{FAE04EC0-301F-11D3-BF4B-00C04F79EFBC}") = "UnityEngine.TestRunner", "UnityEngine.TestRunner.Player.csproj", "{BD2991F4-A57D-1BDC-B577-ACA76019F5F9}"
EndProject
Project("{FAE04EC0-301F-11D3-BF4B-00C04F79EFBC}") = "Unity.Burst", "Unity.Burst.Player.csproj", "{465CD2F1-06B8-B3B8-938F-29D87EFDAB4E}"
EndProject
Project("{FAE04EC0-301F-11D3-BF4B-00C04F79EFBC}") = "UnityEngine.UI", "UnityEngine.UI.Player.csproj", "{2337CCAE-F982-A60D-7C85-1F94418325B4}"
EndProject
Project("{FAE04EC0-301F-11D3-BF4B-00C04F79EFBC}") = "Unity.Collections", "Unity.Collections.Player.csproj", "{827EC4A2-9582-E33C-67F4-69A798315473}"
EndProject
Project("{FAE04EC0-301F-11D3-BF4B-00C04F79EFBC}") = "Unity.2D.SpriteShape.Runtime", "Unity.2D.SpriteShape.Runtime.Player.csproj", "{7CE62425-34D5-E7E8-A250-D1EB8CC5DBAF}"
EndProject
Project("{FAE04EC0-301F-11D3-BF4B-00C04F79EFBC}") = "Unity.2D.Animation.Runtime", "Unity.2D.Animation.Runtime.Player.csproj", "{7B315B1A-7CB2-5458-2326-08D4115D94FF}"
EndProject
Project("{FAE04EC0-301F-11D3-BF4B-00C04F79EFBC}") = "Unity.2D.Tilemap.Extras", "Unity.2D.Tilemap.Extras.Player.csproj", "{E0E68A03-956B-8C90-9C88-8376EB24F7ED}"
EndProject
Project("{FAE04EC0-301F-11D3-BF4B-00C04F79EFBC}") = "Unity.VisualScripting.State", "Unity.VisualScripting.State.Player.csproj", "{713BCEE6-C3CD-AC8A-CBDF-88AEA9FA460B}"
EndProject
Project("{FAE04EC0-301F-11D3-BF4B-00C04F79EFBC}") = "Unity.TextMeshPro", "Unity.TextMeshPro.Player.csproj", "{55807F18-5B7E-ABBD-CE56-9A6BA5A7989D}"
EndProject
Project("{FAE04EC0-301F-11D3-BF4B-00C04F79EFBC}") = "Unity.InternalAPIEngineBridge.001", "Unity.InternalAPIEngineBridge.001.Player.csproj", "{5CB7102D-B6CA-591E-425D-E4619AD14668}"
EndProject
Project("{FAE04EC0-301F-11D3-BF4B-00C04F79EFBC}") = "Unity.2D.PixelPerfect", "Unity.2D.PixelPerfect.Player.csproj", "{C492A299-FBE1-1378-0612-A4D61EF7D585}"
EndProject
Project("{FAE04EC0-301F-11D3-BF4B-00C04F79EFBC}") = "Unity.2D.Common.Runtime", "Unity.2D.Common.Runtime.Player.csproj", "{48E15E1D-A838-FDEB-17B3-F24955C1264E}"
EndProject
Global
	GlobalSection(SolutionConfigurationPlatforms) = preSolution
		Debug|Any CPU = Debug|Any CPU
		Release|Any CPU = Release|Any CPU
	EndGlobalSection
	GlobalSection(ProjectConfigurationPlatforms) = postSolution
		{675BEB9B-1DDF-F53B-805A-2420DCDD8A23}.Debug|Any CPU.ActiveCfg = Debug|Any CPU
		{675BEB9B-1DDF-F53B-805A-2420DCDD8A23}.Debug|Any CPU.Build.0 = Debug|Any CPU
		{675BEB9B-1DDF-F53B-805A-2420DCDD8A23}.Release|Any CPU.ActiveCfg = Release|Any CPU
		{675BEB9B-1DDF-F53B-805A-2420DCDD8A23}.Release|Any CPU.Build.0 = Release|Any CPU
		{42CA32C4-C821-097E-2C2F-0FE869067A22}.Debug|Any CPU.ActiveCfg = Debug|Any CPU
		{42CA32C4-C821-097E-2C2F-0FE869067A22}.Debug|Any CPU.Build.0 = Debug|Any CPU
		{42CA32C4-C821-097E-2C2F-0FE869067A22}.Release|Any CPU.ActiveCfg = Release|Any CPU
		{42CA32C4-C821-097E-2C2F-0FE869067A22}.Release|Any CPU.Build.0 = Release|Any CPU
		{151A7732-F234-B5EB-878D-AD1F70BE9A82}.Debug|Any CPU.ActiveCfg = Debug|Any CPU
		{151A7732-F234-B5EB-878D-AD1F70BE9A82}.Debug|Any CPU.Build.0 = Debug|Any CPU
		{151A7732-F234-B5EB-878D-AD1F70BE9A82}.Release|Any CPU.ActiveCfg = Release|Any CPU
		{151A7732-F234-B5EB-878D-AD1F70BE9A82}.Release|Any CPU.Build.0 = Release|Any CPU
		{BCFB9EAB-2845-E524-D40F-7FAD040FF0FD}.Debug|Any CPU.ActiveCfg = Debug|Any CPU
		{BCFB9EAB-2845-E524-D40F-7FAD040FF0FD}.Debug|Any CPU.Build.0 = Debug|Any CPU
		{BCFB9EAB-2845-E524-D40F-7FAD040FF0FD}.Release|Any CPU.ActiveCfg = Release|Any CPU
		{BCFB9EAB-2845-E524-D40F-7FAD040FF0FD}.Release|Any CPU.Build.0 = Release|Any CPU
		{09C3E3BA-4048-CFE4-6874-FB4D68F3D9E0}.Debug|Any CPU.ActiveCfg = Debug|Any CPU
		{09C3E3BA-4048-CFE4-6874-FB4D68F3D9E0}.Debug|Any CPU.Build.0 = Debug|Any CPU
		{09C3E3BA-4048-CFE4-6874-FB4D68F3D9E0}.Release|Any CPU.ActiveCfg = Release|Any CPU
		{09C3E3BA-4048-CFE4-6874-FB4D68F3D9E0}.Release|Any CPU.Build.0 = Release|Any CPU
		{3B749734-B80F-4008-B1D7-C359A6F965AA}.Debug|Any CPU.ActiveCfg = Debug|Any CPU
		{3B749734-B80F-4008-B1D7-C359A6F965AA}.Debug|Any CPU.Build.0 = Debug|Any CPU
		{3B749734-B80F-4008-B1D7-C359A6F965AA}.Release|Any CPU.ActiveCfg = Release|Any CPU
		{3B749734-B80F-4008-B1D7-C359A6F965AA}.Release|Any CPU.Build.0 = Release|Any CPU
		{6B7CFE24-CB64-1E80-0FBA-0A41407E50A6}.Debug|Any CPU.ActiveCfg = Debug|Any CPU
		{6B7CFE24-CB64-1E80-0FBA-0A41407E50A6}.Debug|Any CPU.Build.0 = Debug|Any CPU
		{6B7CFE24-CB64-1E80-0FBA-0A41407E50A6}.Release|Any CPU.ActiveCfg = Release|Any CPU
		{6B7CFE24-CB64-1E80-0FBA-0A41407E50A6}.Release|Any CPU.Build.0 = Release|Any CPU
		{68FE46B4-E849-B122-181C-2D03F26A4ABF}.Debug|Any CPU.ActiveCfg = Debug|Any CPU
		{68FE46B4-E849-B122-181C-2D03F26A4ABF}.Debug|Any CPU.Build.0 = Debug|Any CPU
		{68FE46B4-E849-B122-181C-2D03F26A4ABF}.Release|Any CPU.ActiveCfg = Release|Any CPU
		{68FE46B4-E849-B122-181C-2D03F26A4ABF}.Release|Any CPU.Build.0 = Release|Any CPU
		{76184014-0FCF-DF74-28A0-E47CA74CAB2E}.Debug|Any CPU.ActiveCfg = Debug|Any CPU
		{76184014-0FCF-DF74-28A0-E47CA74CAB2E}.Debug|Any CPU.Build.0 = Debug|Any CPU
		{76184014-0FCF-DF74-28A0-E47CA74CAB2E}.Release|Any CPU.ActiveCfg = Release|Any CPU
		{76184014-0FCF-DF74-28A0-E47CA74CAB2E}.Release|Any CPU.Build.0 = Release|Any CPU
		{C2422D4B-2734-84DF-55B6-D59D9C98DE5B}.Debug|Any CPU.ActiveCfg = Debug|Any CPU
		{C2422D4B-2734-84DF-55B6-D59D9C98DE5B}.Debug|Any CPU.Build.0 = Debug|Any CPU
		{C2422D4B-2734-84DF-55B6-D59D9C98DE5B}.Release|Any CPU.ActiveCfg = Release|Any CPU
		{C2422D4B-2734-84DF-55B6-D59D9C98DE5B}.Release|Any CPU.Build.0 = Release|Any CPU
		{2D4E4AF7-AB2B-4A76-8B0C-F236A5B94DCA}.Debug|Any CPU.ActiveCfg = Debug|Any CPU
		{2D4E4AF7-AB2B-4A76-8B0C-F236A5B94DCA}.Debug|Any CPU.Build.0 = Debug|Any CPU
		{2D4E4AF7-AB2B-4A76-8B0C-F236A5B94DCA}.Release|Any CPU.ActiveCfg = Release|Any CPU
		{2D4E4AF7-AB2B-4A76-8B0C-F236A5B94DCA}.Release|Any CPU.Build.0 = Release|Any CPU
		{3818CC6D-D7D2-E496-3C62-88D342CBAEA3}.Debug|Any CPU.ActiveCfg = Debug|Any CPU
		{3818CC6D-D7D2-E496-3C62-88D342CBAEA3}.Debug|Any CPU.Build.0 = Debug|Any CPU
		{3818CC6D-D7D2-E496-3C62-88D342CBAEA3}.Release|Any CPU.ActiveCfg = Release|Any CPU
		{3818CC6D-D7D2-E496-3C62-88D342CBAEA3}.Release|Any CPU.Build.0 = Release|Any CPU
		{66DC2AE3-FBC9-6409-F23B-6E023B74B136}.Debug|Any CPU.ActiveCfg = Debug|Any CPU
		{66DC2AE3-FBC9-6409-F23B-6E023B74B136}.Debug|Any CPU.Build.0 = Debug|Any CPU
		{66DC2AE3-FBC9-6409-F23B-6E023B74B136}.Release|Any CPU.ActiveCfg = Release|Any CPU
		{66DC2AE3-FBC9-6409-F23B-6E023B74B136}.Release|Any CPU.Build.0 = Release|Any CPU
		{E384741D-E7AB-5B4B-9065-DE09431EC0C9}.Debug|Any CPU.ActiveCfg = Debug|Any CPU
		{E384741D-E7AB-5B4B-9065-DE09431EC0C9}.Debug|Any CPU.Build.0 = Debug|Any CPU
		{E384741D-E7AB-5B4B-9065-DE09431EC0C9}.Release|Any CPU.ActiveCfg = Release|Any CPU
		{E384741D-E7AB-5B4B-9065-DE09431EC0C9}.Release|Any CPU.Build.0 = Release|Any CPU
		{86314475-FA7A-A99F-EDED-1389EAA220B9}.Debug|Any CPU.ActiveCfg = Debug|Any CPU
		{86314475-FA7A-A99F-EDED-1389EAA220B9}.Debug|Any CPU.Build.0 = Debug|Any CPU
		{86314475-FA7A-A99F-EDED-1389EAA220B9}.Release|Any CPU.ActiveCfg = Release|Any CPU
		{86314475-FA7A-A99F-EDED-1389EAA220B9}.Release|Any CPU.Build.0 = Release|Any CPU
		{BBB0163F-3DB2-1D00-9F3C-99920F3F78A1}.Debug|Any CPU.ActiveCfg = Debug|Any CPU
		{BBB0163F-3DB2-1D00-9F3C-99920F3F78A1}.Debug|Any CPU.Build.0 = Debug|Any CPU
		{BBB0163F-3DB2-1D00-9F3C-99920F3F78A1}.Release|Any CPU.ActiveCfg = Release|Any CPU
		{BBB0163F-3DB2-1D00-9F3C-99920F3F78A1}.Release|Any CPU.Build.0 = Release|Any CPU
		{48A8EB42-1937-B0E6-6D0D-A61B2524F716}.Debug|Any CPU.ActiveCfg = Debug|Any CPU
		{48A8EB42-1937-B0E6-6D0D-A61B2524F716}.Debug|Any CPU.Build.0 = Debug|Any CPU
		{48A8EB42-1937-B0E6-6D0D-A61B2524F716}.Release|Any CPU.ActiveCfg = Release|Any CPU
		{48A8EB42-1937-B0E6-6D0D-A61B2524F716}.Release|Any CPU.Build.0 = Release|Any CPU
		{898EB58C-D0E1-C925-DACF-2A1830FA4DF7}.Debug|Any CPU.ActiveCfg = Debug|Any CPU
		{898EB58C-D0E1-C925-DACF-2A1830FA4DF7}.Debug|Any CPU.Build.0 = Debug|Any CPU
		{898EB58C-D0E1-C925-DACF-2A1830FA4DF7}.Release|Any CPU.ActiveCfg = Release|Any CPU
		{898EB58C-D0E1-C925-DACF-2A1830FA4DF7}.Release|Any CPU.Build.0 = Release|Any CPU
		{28E74408-1160-FEF1-40A7-211E5F6C77E0}.Debug|Any CPU.ActiveCfg = Debug|Any CPU
		{28E74408-1160-FEF1-40A7-211E5F6C77E0}.Debug|Any CPU.Build.0 = Debug|Any CPU
		{28E74408-1160-FEF1-40A7-211E5F6C77E0}.Release|Any CPU.ActiveCfg = Release|Any CPU
		{28E74408-1160-FEF1-40A7-211E5F6C77E0}.Release|Any CPU.Build.0 = Release|Any CPU
		{2EABE0C5-28ED-20B8-7E5B-226615C42BCF}.Debug|Any CPU.ActiveCfg = Debug|Any CPU
		{2EABE0C5-28ED-20B8-7E5B-226615C42BCF}.Debug|Any CPU.Build.0 = Debug|Any CPU
		{2EABE0C5-28ED-20B8-7E5B-226615C42BCF}.Release|Any CPU.ActiveCfg = Release|Any CPU
		{2EABE0C5-28ED-20B8-7E5B-226615C42BCF}.Release|Any CPU.Build.0 = Release|Any CPU
		{40BE0C56-83E8-9659-A31A-7603622DA804}.Debug|Any CPU.ActiveCfg = Debug|Any CPU
		{40BE0C56-83E8-9659-A31A-7603622DA804}.Debug|Any CPU.Build.0 = Debug|Any CPU
		{40BE0C56-83E8-9659-A31A-7603622DA804}.Release|Any CPU.ActiveCfg = Release|Any CPU
		{40BE0C56-83E8-9659-A31A-7603622DA804}.Release|Any CPU.Build.0 = Release|Any CPU
		{A4545F48-26CB-1CAC-725F-11BF3DE0D001}.Debug|Any CPU.ActiveCfg = Debug|Any CPU
		{A4545F48-26CB-1CAC-725F-11BF3DE0D001}.Debug|Any CPU.Build.0 = Debug|Any CPU
		{A4545F48-26CB-1CAC-725F-11BF3DE0D001}.Release|Any CPU.ActiveCfg = Release|Any CPU
		{A4545F48-26CB-1CAC-725F-11BF3DE0D001}.Release|Any CPU.Build.0 = Release|Any CPU
		{1D105CC3-596E-8FAC-C80B-15B05FD8D687}.Debug|Any CPU.ActiveCfg = Debug|Any CPU
		{1D105CC3-596E-8FAC-C80B-15B05FD8D687}.Debug|Any CPU.Build.0 = Debug|Any CPU
		{1D105CC3-596E-8FAC-C80B-15B05FD8D687}.Release|Any CPU.ActiveCfg = Release|Any CPU
		{1D105CC3-596E-8FAC-C80B-15B05FD8D687}.Release|Any CPU.Build.0 = Release|Any CPU
		{EB9E3454-CD74-731A-7D7B-2D3A0CE007E2}.Debug|Any CPU.ActiveCfg = Debug|Any CPU
		{EB9E3454-CD74-731A-7D7B-2D3A0CE007E2}.Debug|Any CPU.Build.0 = Debug|Any CPU
		{EB9E3454-CD74-731A-7D7B-2D3A0CE007E2}.Release|Any CPU.ActiveCfg = Release|Any CPU
		{EB9E3454-CD74-731A-7D7B-2D3A0CE007E2}.Release|Any CPU.Build.0 = Release|Any CPU
		{3C12F2B1-F60C-EB43-C8FA-BC41492B16D8}.Debug|Any CPU.ActiveCfg = Debug|Any CPU
		{3C12F2B1-F60C-EB43-C8FA-BC41492B16D8}.Debug|Any CPU.Build.0 = Debug|Any CPU
		{3C12F2B1-F60C-EB43-C8FA-BC41492B16D8}.Release|Any CPU.ActiveCfg = Release|Any CPU
		{3C12F2B1-F60C-EB43-C8FA-BC41492B16D8}.Release|Any CPU.Build.0 = Release|Any CPU
		{43862E35-54ED-152C-BBC2-9593A3760C88}.Debug|Any CPU.ActiveCfg = Debug|Any CPU
		{43862E35-54ED-152C-BBC2-9593A3760C88}.Debug|Any CPU.Build.0 = Debug|Any CPU
		{43862E35-54ED-152C-BBC2-9593A3760C88}.Release|Any CPU.ActiveCfg = Release|Any CPU
		{43862E35-54ED-152C-BBC2-9593A3760C88}.Release|Any CPU.Build.0 = Release|Any CPU
		{DD21E922-2713-BD57-6B80-3C3C38B2D932}.Debug|Any CPU.ActiveCfg = Debug|Any CPU
		{DD21E922-2713-BD57-6B80-3C3C38B2D932}.Debug|Any CPU.Build.0 = Debug|Any CPU
		{DD21E922-2713-BD57-6B80-3C3C38B2D932}.Release|Any CPU.ActiveCfg = Release|Any CPU
		{DD21E922-2713-BD57-6B80-3C3C38B2D932}.Release|Any CPU.Build.0 = Release|Any CPU
		{C1B732C2-8B46-8C36-F025-F2CEFB9135CF}.Debug|Any CPU.ActiveCfg = Debug|Any CPU
		{C1B732C2-8B46-8C36-F025-F2CEFB9135CF}.Debug|Any CPU.Build.0 = Debug|Any CPU
		{C1B732C2-8B46-8C36-F025-F2CEFB9135CF}.Release|Any CPU.ActiveCfg = Release|Any CPU
		{C1B732C2-8B46-8C36-F025-F2CEFB9135CF}.Release|Any CPU.Build.0 = Release|Any CPU
		{E9FFE786-061A-6CCA-5736-CC592DABFE99}.Debug|Any CPU.ActiveCfg = Debug|Any CPU
		{E9FFE786-061A-6CCA-5736-CC592DABFE99}.Debug|Any CPU.Build.0 = Debug|Any CPU
		{E9FFE786-061A-6CCA-5736-CC592DABFE99}.Release|Any CPU.ActiveCfg = Release|Any CPU
		{E9FFE786-061A-6CCA-5736-CC592DABFE99}.Release|Any CPU.Build.0 = Release|Any CPU
		{D1448C2D-2103-1ED2-5A61-097224BA2254}.Debug|Any CPU.ActiveCfg = Debug|Any CPU
		{D1448C2D-2103-1ED2-5A61-097224BA2254}.Debug|Any CPU.Build.0 = Debug|Any CPU
		{D1448C2D-2103-1ED2-5A61-097224BA2254}.Release|Any CPU.ActiveCfg = Release|Any CPU
		{D1448C2D-2103-1ED2-5A61-097224BA2254}.Release|Any CPU.Build.0 = Release|Any CPU
		{4710FF14-5169-E164-771B-31F9712A47D9}.Debug|Any CPU.ActiveCfg = Debug|Any CPU
		{4710FF14-5169-E164-771B-31F9712A47D9}.Debug|Any CPU.Build.0 = Debug|Any CPU
		{4710FF14-5169-E164-771B-31F9712A47D9}.Release|Any CPU.ActiveCfg = Release|Any CPU
		{4710FF14-5169-E164-771B-31F9712A47D9}.Release|Any CPU.Build.0 = Release|Any CPU
		{4FE4AB1B-EA13-32FC-90B7-7228FECFAA23}.Debug|Any CPU.ActiveCfg = Debug|Any CPU
		{4FE4AB1B-EA13-32FC-90B7-7228FECFAA23}.Debug|Any CPU.Build.0 = Debug|Any CPU
		{4FE4AB1B-EA13-32FC-90B7-7228FECFAA23}.Release|Any CPU.ActiveCfg = Release|Any CPU
		{4FE4AB1B-EA13-32FC-90B7-7228FECFAA23}.Release|Any CPU.Build.0 = Release|Any CPU
		{81FAD4C1-6A22-D30F-B168-7ABD53574749}.Debug|Any CPU.ActiveCfg = Debug|Any CPU
		{81FAD4C1-6A22-D30F-B168-7ABD53574749}.Debug|Any CPU.Build.0 = Debug|Any CPU
		{81FAD4C1-6A22-D30F-B168-7ABD53574749}.Release|Any CPU.ActiveCfg = Release|Any CPU
		{81FAD4C1-6A22-D30F-B168-7ABD53574749}.Release|Any CPU.Build.0 = Release|Any CPU
		{54F3A193-B9D6-5F56-CFB1-B0336C1AF6FC}.Debug|Any CPU.ActiveCfg = Debug|Any CPU
		{54F3A193-B9D6-5F56-CFB1-B0336C1AF6FC}.Debug|Any CPU.Build.0 = Debug|Any CPU
		{54F3A193-B9D6-5F56-CFB1-B0336C1AF6FC}.Release|Any CPU.ActiveCfg = Release|Any CPU
		{54F3A193-B9D6-5F56-CFB1-B0336C1AF6FC}.Release|Any CPU.Build.0 = Release|Any CPU
		{6018191B-5426-6064-A5D5-8DABCAE291E4}.Debug|Any CPU.ActiveCfg = Debug|Any CPU
		{6018191B-5426-6064-A5D5-8DABCAE291E4}.Debug|Any CPU.Build.0 = Debug|Any CPU
		{6018191B-5426-6064-A5D5-8DABCAE291E4}.Release|Any CPU.ActiveCfg = Release|Any CPU
		{6018191B-5426-6064-A5D5-8DABCAE291E4}.Release|Any CPU.Build.0 = Release|Any CPU
		{D4F4BFCC-193A-4E9E-9CD7-E03466000E56}.Debug|Any CPU.ActiveCfg = Debug|Any CPU
		{D4F4BFCC-193A-4E9E-9CD7-E03466000E56}.Debug|Any CPU.Build.0 = Debug|Any CPU
		{D4F4BFCC-193A-4E9E-9CD7-E03466000E56}.Release|Any CPU.ActiveCfg = Release|Any CPU
		{D4F4BFCC-193A-4E9E-9CD7-E03466000E56}.Release|Any CPU.Build.0 = Release|Any CPU
		{275CB3DF-1D5C-6060-61B9-6169F4933EE9}.Debug|Any CPU.ActiveCfg = Debug|Any CPU
		{275CB3DF-1D5C-6060-61B9-6169F4933EE9}.Debug|Any CPU.Build.0 = Debug|Any CPU
		{275CB3DF-1D5C-6060-61B9-6169F4933EE9}.Release|Any CPU.ActiveCfg = Release|Any CPU
		{275CB3DF-1D5C-6060-61B9-6169F4933EE9}.Release|Any CPU.Build.0 = Release|Any CPU
		{B7FCF2A5-46B5-2925-60FC-611AB08BFB3A}.Debug|Any CPU.ActiveCfg = Debug|Any CPU
		{B7FCF2A5-46B5-2925-60FC-611AB08BFB3A}.Debug|Any CPU.Build.0 = Debug|Any CPU
		{B7FCF2A5-46B5-2925-60FC-611AB08BFB3A}.Release|Any CPU.ActiveCfg = Release|Any CPU
		{B7FCF2A5-46B5-2925-60FC-611AB08BFB3A}.Release|Any CPU.Build.0 = Release|Any CPU
		{1CBBEE21-CFB0-D9CD-69F7-E67D01D0CB50}.Debug|Any CPU.ActiveCfg = Debug|Any CPU
		{1CBBEE21-CFB0-D9CD-69F7-E67D01D0CB50}.Debug|Any CPU.Build.0 = Debug|Any CPU
		{1CBBEE21-CFB0-D9CD-69F7-E67D01D0CB50}.Release|Any CPU.ActiveCfg = Release|Any CPU
		{1CBBEE21-CFB0-D9CD-69F7-E67D01D0CB50}.Release|Any CPU.Build.0 = Release|Any CPU
		{A45200C9-C40A-8F3E-7F28-BE6385E76FEA}.Debug|Any CPU.ActiveCfg = Debug|Any CPU
		{A45200C9-C40A-8F3E-7F28-BE6385E76FEA}.Debug|Any CPU.Build.0 = Debug|Any CPU
		{A45200C9-C40A-8F3E-7F28-BE6385E76FEA}.Release|Any CPU.ActiveCfg = Release|Any CPU
		{A45200C9-C40A-8F3E-7F28-BE6385E76FEA}.Release|Any CPU.Build.0 = Release|Any CPU
		{4D9CD172-4377-555A-EEA0-D8D9E75AF5B9}.Debug|Any CPU.ActiveCfg = Debug|Any CPU
		{4D9CD172-4377-555A-EEA0-D8D9E75AF5B9}.Debug|Any CPU.Build.0 = Debug|Any CPU
		{4D9CD172-4377-555A-EEA0-D8D9E75AF5B9}.Release|Any CPU.ActiveCfg = Release|Any CPU
		{4D9CD172-4377-555A-EEA0-D8D9E75AF5B9}.Release|Any CPU.Build.0 = Release|Any CPU
		{772EB90D-77B2-586A-5B8B-1D44C3092D4C}.Debug|Any CPU.ActiveCfg = Debug|Any CPU
		{772EB90D-77B2-586A-5B8B-1D44C3092D4C}.Debug|Any CPU.Build.0 = Debug|Any CPU
		{772EB90D-77B2-586A-5B8B-1D44C3092D4C}.Release|Any CPU.ActiveCfg = Release|Any CPU
		{772EB90D-77B2-586A-5B8B-1D44C3092D4C}.Release|Any CPU.Build.0 = Release|Any CPU
		{9906A6BD-BC09-670D-194A-DC9DDB52193B}.Debug|Any CPU.ActiveCfg = Debug|Any CPU
		{9906A6BD-BC09-670D-194A-DC9DDB52193B}.Debug|Any CPU.Build.0 = Debug|Any CPU
		{9906A6BD-BC09-670D-194A-DC9DDB52193B}.Release|Any CPU.ActiveCfg = Release|Any CPU
		{9906A6BD-BC09-670D-194A-DC9DDB52193B}.Release|Any CPU.Build.0 = Release|Any CPU
		{B02678D7-998D-06CC-366F-4194A19B4935}.Debug|Any CPU.ActiveCfg = Debug|Any CPU
		{B02678D7-998D-06CC-366F-4194A19B4935}.Debug|Any CPU.Build.0 = Debug|Any CPU
		{B02678D7-998D-06CC-366F-4194A19B4935}.Release|Any CPU.ActiveCfg = Release|Any CPU
		{B02678D7-998D-06CC-366F-4194A19B4935}.Release|Any CPU.Build.0 = Release|Any CPU
		{39EA4A8F-4058-5A4B-3AEF-D8535F4528F1}.Debug|Any CPU.ActiveCfg = Debug|Any CPU
		{39EA4A8F-4058-5A4B-3AEF-D8535F4528F1}.Debug|Any CPU.Build.0 = Debug|Any CPU
		{39EA4A8F-4058-5A4B-3AEF-D8535F4528F1}.Release|Any CPU.ActiveCfg = Release|Any CPU
		{39EA4A8F-4058-5A4B-3AEF-D8535F4528F1}.Release|Any CPU.Build.0 = Release|Any CPU
		{2B366BB1-A8C4-36E3-0369-A691BC40D708}.Debug|Any CPU.ActiveCfg = Debug|Any CPU
		{2B366BB1-A8C4-36E3-0369-A691BC40D708}.Debug|Any CPU.Build.0 = Debug|Any CPU
		{2B366BB1-A8C4-36E3-0369-A691BC40D708}.Release|Any CPU.ActiveCfg = Release|Any CPU
		{2B366BB1-A8C4-36E3-0369-A691BC40D708}.Release|Any CPU.Build.0 = Release|Any CPU
		{D8B78ADF-2C10-491A-B47C-55D7679B2A0B}.Debug|Any CPU.ActiveCfg = Debug|Any CPU
		{D8B78ADF-2C10-491A-B47C-55D7679B2A0B}.Debug|Any CPU.Build.0 = Debug|Any CPU
		{D8B78ADF-2C10-491A-B47C-55D7679B2A0B}.Release|Any CPU.ActiveCfg = Release|Any CPU
		{D8B78ADF-2C10-491A-B47C-55D7679B2A0B}.Release|Any CPU.Build.0 = Release|Any CPU
		{0C9E3B23-E172-F70D-69FC-CF93B79843C9}.Debug|Any CPU.ActiveCfg = Debug|Any CPU
		{0C9E3B23-E172-F70D-69FC-CF93B79843C9}.Debug|Any CPU.Build.0 = Debug|Any CPU
		{0C9E3B23-E172-F70D-69FC-CF93B79843C9}.Release|Any CPU.ActiveCfg = Release|Any CPU
		{0C9E3B23-E172-F70D-69FC-CF93B79843C9}.Release|Any CPU.Build.0 = Release|Any CPU
		{3EAB0995-8443-5B8A-697A-462FFC4A0DDF}.Debug|Any CPU.ActiveCfg = Debug|Any CPU
		{3EAB0995-8443-5B8A-697A-462FFC4A0DDF}.Debug|Any CPU.Build.0 = Debug|Any CPU
		{3EAB0995-8443-5B8A-697A-462FFC4A0DDF}.Release|Any CPU.ActiveCfg = Release|Any CPU
		{3EAB0995-8443-5B8A-697A-462FFC4A0DDF}.Release|Any CPU.Build.0 = Release|Any CPU
		{43F3869A-3CC3-1C22-E4D1-53894C738EAC}.Debug|Any CPU.ActiveCfg = Debug|Any CPU
		{43F3869A-3CC3-1C22-E4D1-53894C738EAC}.Debug|Any CPU.Build.0 = Debug|Any CPU
		{43F3869A-3CC3-1C22-E4D1-53894C738EAC}.Release|Any CPU.ActiveCfg = Release|Any CPU
		{43F3869A-3CC3-1C22-E4D1-53894C738EAC}.Release|Any CPU.Build.0 = Release|Any CPU
		{EE085FA0-E92C-8263-0223-54A4ACCB71B7}.Debug|Any CPU.ActiveCfg = Debug|Any CPU
		{EE085FA0-E92C-8263-0223-54A4ACCB71B7}.Debug|Any CPU.Build.0 = Debug|Any CPU
		{EE085FA0-E92C-8263-0223-54A4ACCB71B7}.Release|Any CPU.ActiveCfg = Release|Any CPU
		{EE085FA0-E92C-8263-0223-54A4ACCB71B7}.Release|Any CPU.Build.0 = Release|Any CPU
		{1E8EABFD-406E-5608-3FD7-DF26678B491D}.Debug|Any CPU.ActiveCfg = Debug|Any CPU
		{1E8EABFD-406E-5608-3FD7-DF26678B491D}.Debug|Any CPU.Build.0 = Debug|Any CPU
		{1E8EABFD-406E-5608-3FD7-DF26678B491D}.Release|Any CPU.ActiveCfg = Release|Any CPU
		{1E8EABFD-406E-5608-3FD7-DF26678B491D}.Release|Any CPU.Build.0 = Release|Any CPU
		{65BBD869-8841-B90E-2E48-4FAFBA420AB8}.Debug|Any CPU.ActiveCfg = Debug|Any CPU
		{65BBD869-8841-B90E-2E48-4FAFBA420AB8}.Debug|Any CPU.Build.0 = Debug|Any CPU
		{65BBD869-8841-B90E-2E48-4FAFBA420AB8}.Release|Any CPU.ActiveCfg = Release|Any CPU
		{65BBD869-8841-B90E-2E48-4FAFBA420AB8}.Release|Any CPU.Build.0 = Release|Any CPU
		{31E8175A-F6C1-E051-1F60-7B192C59A6A2}.Debug|Any CPU.ActiveCfg = Debug|Any CPU
		{31E8175A-F6C1-E051-1F60-7B192C59A6A2}.Debug|Any CPU.Build.0 = Debug|Any CPU
		{31E8175A-F6C1-E051-1F60-7B192C59A6A2}.Release|Any CPU.ActiveCfg = Release|Any CPU
		{31E8175A-F6C1-E051-1F60-7B192C59A6A2}.Release|Any CPU.Build.0 = Release|Any CPU
		{4CC58761-EA4F-6351-E9DE-9142B7E1CE29}.Debug|Any CPU.ActiveCfg = Debug|Any CPU
		{4CC58761-EA4F-6351-E9DE-9142B7E1CE29}.Debug|Any CPU.Build.0 = Debug|Any CPU
		{4CC58761-EA4F-6351-E9DE-9142B7E1CE29}.Release|Any CPU.ActiveCfg = Release|Any CPU
		{4CC58761-EA4F-6351-E9DE-9142B7E1CE29}.Release|Any CPU.Build.0 = Release|Any CPU
		{84E36960-2715-78DE-660A-5CD517A7D8CA}.Debug|Any CPU.ActiveCfg = Debug|Any CPU
		{84E36960-2715-78DE-660A-5CD517A7D8CA}.Debug|Any CPU.Build.0 = Debug|Any CPU
		{84E36960-2715-78DE-660A-5CD517A7D8CA}.Release|Any CPU.ActiveCfg = Release|Any CPU
		{84E36960-2715-78DE-660A-5CD517A7D8CA}.Release|Any CPU.Build.0 = Release|Any CPU
		{DA041A05-20EB-0F7E-D091-71EDBE13BF2A}.Debug|Any CPU.ActiveCfg = Debug|Any CPU
		{DA041A05-20EB-0F7E-D091-71EDBE13BF2A}.Debug|Any CPU.Build.0 = Debug|Any CPU
		{DA041A05-20EB-0F7E-D091-71EDBE13BF2A}.Release|Any CPU.ActiveCfg = Release|Any CPU
		{DA041A05-20EB-0F7E-D091-71EDBE13BF2A}.Release|Any CPU.Build.0 = Release|Any CPU
		{BD2991F4-A57D-1BDC-B577-ACA76019F5F9}.Debug|Any CPU.ActiveCfg = Debug|Any CPU
		{BD2991F4-A57D-1BDC-B577-ACA76019F5F9}.Debug|Any CPU.Build.0 = Debug|Any CPU
		{BD2991F4-A57D-1BDC-B577-ACA76019F5F9}.Release|Any CPU.ActiveCfg = Release|Any CPU
		{BD2991F4-A57D-1BDC-B577-ACA76019F5F9}.Release|Any CPU.Build.0 = Release|Any CPU
		{465CD2F1-06B8-B3B8-938F-29D87EFDAB4E}.Debug|Any CPU.ActiveCfg = Debug|Any CPU
		{465CD2F1-06B8-B3B8-938F-29D87EFDAB4E}.Debug|Any CPU.Build.0 = Debug|Any CPU
		{465CD2F1-06B8-B3B8-938F-29D87EFDAB4E}.Release|Any CPU.ActiveCfg = Release|Any CPU
		{465CD2F1-06B8-B3B8-938F-29D87EFDAB4E}.Release|Any CPU.Build.0 = Release|Any CPU
		{2337CCAE-F982-A60D-7C85-1F94418325B4}.Debug|Any CPU.ActiveCfg = Debug|Any CPU
		{2337CCAE-F982-A60D-7C85-1F94418325B4}.Debug|Any CPU.Build.0 = Debug|Any CPU
		{2337CCAE-F982-A60D-7C85-1F94418325B4}.Release|Any CPU.ActiveCfg = Release|Any CPU
		{2337CCAE-F982-A60D-7C85-1F94418325B4}.Release|Any CPU.Build.0 = Release|Any CPU
		{827EC4A2-9582-E33C-67F4-69A798315473}.Debug|Any CPU.ActiveCfg = Debug|Any CPU
		{827EC4A2-9582-E33C-67F4-69A798315473}.Debug|Any CPU.Build.0 = Debug|Any CPU
		{827EC4A2-9582-E33C-67F4-69A798315473}.Release|Any CPU.ActiveCfg = Release|Any CPU
		{827EC4A2-9582-E33C-67F4-69A798315473}.Release|Any CPU.Build.0 = Release|Any CPU
		{7CE62425-34D5-E7E8-A250-D1EB8CC5DBAF}.Debug|Any CPU.ActiveCfg = Debug|Any CPU
		{7CE62425-34D5-E7E8-A250-D1EB8CC5DBAF}.Debug|Any CPU.Build.0 = Debug|Any CPU
		{7CE62425-34D5-E7E8-A250-D1EB8CC5DBAF}.Release|Any CPU.ActiveCfg = Release|Any CPU
		{7CE62425-34D5-E7E8-A250-D1EB8CC5DBAF}.Release|Any CPU.Build.0 = Release|Any CPU
		{7B315B1A-7CB2-5458-2326-08D4115D94FF}.Debug|Any CPU.ActiveCfg = Debug|Any CPU
		{7B315B1A-7CB2-5458-2326-08D4115D94FF}.Debug|Any CPU.Build.0 = Debug|Any CPU
		{7B315B1A-7CB2-5458-2326-08D4115D94FF}.Release|Any CPU.ActiveCfg = Release|Any CPU
		{7B315B1A-7CB2-5458-2326-08D4115D94FF}.Release|Any CPU.Build.0 = Release|Any CPU
		{E0E68A03-956B-8C90-9C88-8376EB24F7ED}.Debug|Any CPU.ActiveCfg = Debug|Any CPU
		{E0E68A03-956B-8C90-9C88-8376EB24F7ED}.Debug|Any CPU.Build.0 = Debug|Any CPU
		{E0E68A03-956B-8C90-9C88-8376EB24F7ED}.Release|Any CPU.ActiveCfg = Release|Any CPU
		{E0E68A03-956B-8C90-9C88-8376EB24F7ED}.Release|Any CPU.Build.0 = Release|Any CPU
		{713BCEE6-C3CD-AC8A-CBDF-88AEA9FA460B}.Debug|Any CPU.ActiveCfg = Debug|Any CPU
		{713BCEE6-C3CD-AC8A-CBDF-88AEA9FA460B}.Debug|Any CPU.Build.0 = Debug|Any CPU
		{713BCEE6-C3CD-AC8A-CBDF-88AEA9FA460B}.Release|Any CPU.ActiveCfg = Release|Any CPU
		{713BCEE6-C3CD-AC8A-CBDF-88AEA9FA460B}.Release|Any CPU.Build.0 = Release|Any CPU
		{55807F18-5B7E-ABBD-CE56-9A6BA5A7989D}.Debug|Any CPU.ActiveCfg = Debug|Any CPU
		{55807F18-5B7E-ABBD-CE56-9A6BA5A7989D}.Debug|Any CPU.Build.0 = Debug|Any CPU
		{55807F18-5B7E-ABBD-CE56-9A6BA5A7989D}.Release|Any CPU.ActiveCfg = Release|Any CPU
		{55807F18-5B7E-ABBD-CE56-9A6BA5A7989D}.Release|Any CPU.Build.0 = Release|Any CPU
		{5CB7102D-B6CA-591E-425D-E4619AD14668}.Debug|Any CPU.ActiveCfg = Debug|Any CPU
		{5CB7102D-B6CA-591E-425D-E4619AD14668}.Debug|Any CPU.Build.0 = Debug|Any CPU
		{5CB7102D-B6CA-591E-425D-E4619AD14668}.Release|Any CPU.ActiveCfg = Release|Any CPU
		{5CB7102D-B6CA-591E-425D-E4619AD14668}.Release|Any CPU.Build.0 = Release|Any CPU
		{C492A299-FBE1-1378-0612-A4D61EF7D585}.Debug|Any CPU.ActiveCfg = Debug|Any CPU
		{C492A299-FBE1-1378-0612-A4D61EF7D585}.Debug|Any CPU.Build.0 = Debug|Any CPU
		{C492A299-FBE1-1378-0612-A4D61EF7D585}.Release|Any CPU.ActiveCfg = Release|Any CPU
		{C492A299-FBE1-1378-0612-A4D61EF7D585}.Release|Any CPU.Build.0 = Release|Any CPU
		{48E15E1D-A838-FDEB-17B3-F24955C1264E}.Debug|Any CPU.ActiveCfg = Debug|Any CPU
		{48E15E1D-A838-FDEB-17B3-F24955C1264E}.Debug|Any CPU.Build.0 = Debug|Any CPU
		{48E15E1D-A838-FDEB-17B3-F24955C1264E}.Release|Any CPU.ActiveCfg = Release|Any CPU
		{48E15E1D-A838-FDEB-17B3-F24955C1264E}.Release|Any CPU.Build.0 = Release|Any CPU
	EndGlobalSection
	GlobalSection(SolutionProperties) = preSolution
		HideSolutionNode = FALSE
	EndGlobalSection
EndGlobal
